
Microsoft Visual Studio Solution File, Format Version 12.00
# Visual Studio 14
VisualStudioVersion = 14.0.24720.0
MinimumVisualStudioVersion = 10.0.40219.1
Project("{FAE04EC0-301F-11D3-BF4B-00C04F79EFBC}") = "GUI", "Calculator\GUI.csproj", "{1B61F302-7D17-4ED2-800D-FDBAA35AC494}"
EndProject
Project("{FAE04EC0-301F-11D3-BF4B-00C04F79EFBC}") = "Code-Module", "Code-Module\Code-Module.csproj", "{09BC7D7B-1509-431C-BD44-6CC135594AA7}"
EndProject
Global
	GlobalSection(SolutionConfigurationPlatforms) = preSolution
		Debug|Any CPU = Debug|Any CPU
		Release|Any CPU = Release|Any CPU
	EndGlobalSection
	GlobalSection(ProjectConfigurationPlatforms) = postSolution
		{1B61F302-7D17-4ED2-800D-FDBAA35AC494}.Debug|Any CPU.ActiveCfg = Debug|Any CPU
		{1B61F302-7D17-4ED2-800D-FDBAA35AC494}.Debug|Any CPU.Build.0 = Debug|Any CPU
		{1B61F302-7D17-4ED2-800D-FDBAA35AC494}.Release|Any CPU.ActiveCfg = Release|Any CPU
		{1B61F302-7D17-4ED2-800D-FDBAA35AC494}.Release|Any CPU.Build.0 = Release|Any CPU
		{09BC7D7B-1509-431C-BD44-6CC135594AA7}.Debug|Any CPU.ActiveCfg = Debug|Any CPU
		{09BC7D7B-1509-431C-BD44-6CC135594AA7}.Debug|Any CPU.Build.0 = Debug|Any CPU
		{09BC7D7B-1509-431C-BD44-6CC135594AA7}.Release|Any CPU.ActiveCfg = Release|Any CPU
		{09BC7D7B-1509-431C-BD44-6CC135594AA7}.Release|Any CPU.Build.0 = Release|Any CPU
	EndGlobalSection
	GlobalSection(SolutionProperties) = preSolution
		HideSolutionNode = FALSE
	EndGlobalSection
EndGlobal
